// !$*UTF8*$!
{
	archiveVersion = 1;
	classes = {
	};
	objectVersion = 46;
	objects = {

/* Begin PBXBuildFile section */
		5361783C1E32A36400A96A5B /* Reachability.swift in Sources */ = {isa = PBXBuildFile; fileRef = 5361783B1E32A36400A96A5B /* Reachability.swift */; };
		5361783E1E32ACC400A96A5B /* CollectionViewCell.swift in Sources */ = {isa = PBXBuildFile; fileRef = 5361783D1E32ACC400A96A5B /* CollectionViewCell.swift */; };
		53AEFF671E3275F1006A841A /* AppDelegate.swift in Sources */ = {isa = PBXBuildFile; fileRef = 53AEFF661E3275F1006A841A /* AppDelegate.swift */; };
		53AEFF6C1E3275F1006A841A /* Main.storyboard in Resources */ = {isa = PBXBuildFile; fileRef = 53AEFF6A1E3275F1006A841A /* Main.storyboard */; };
		53AEFF6E1E3275F1006A841A /* Assets.xcassets in Resources */ = {isa = PBXBuildFile; fileRef = 53AEFF6D1E3275F1006A841A /* Assets.xcassets */; };
		53AEFF711E3275F1006A841A /* LaunchScreen.storyboard in Resources */ = {isa = PBXBuildFile; fileRef = 53AEFF6F1E3275F1006A841A /* LaunchScreen.storyboard */; };
		53AEFF791E3277DB006A841A /* MoviesViewController.swift in Sources */ = {isa = PBXBuildFile; fileRef = 53AEFF781E3277DB006A841A /* MoviesViewController.swift */; };
		53AEFF7C1E327EC4006A841A /* MovieCell.swift in Sources */ = {isa = PBXBuildFile; fileRef = 53AEFF7B1E327EC4006A841A /* MovieCell.swift */; };
		A2544F6B0E6C2743AC30A3DF /* Pods_Flicks.framework in Frameworks */ = {isa = PBXBuildFile; fileRef = 34A2CBF58998076BCD60AE38 /* Pods_Flicks.framework */; };
/* End PBXBuildFile section */

/* Begin PBXFileReference section */
		34A2CBF58998076BCD60AE38 /* Pods_Flicks.framework */ = {isa = PBXFileReference; explicitFileType = wrapper.framework; includeInIndex = 0; path = Pods_Flicks.framework; sourceTree = BUILT_PRODUCTS_DIR; };
		5361783B1E32A36400A96A5B /* Reachability.swift */ = {isa = PBXFileReference; fileEncoding = 4; lastKnownFileType = sourcecode.swift; path = Reachability.swift; sourceTree = "<group>"; };
		5361783D1E32ACC400A96A5B /* CollectionViewCell.swift */ = {isa = PBXFileReference; fileEncoding = 4; lastKnownFileType = sourcecode.swift; path = CollectionViewCell.swift; sourceTree = "<group>"; };
		53AEFF631E3275F1006A841A /* Flicks.app */ = {isa = PBXFileReference; explicitFileType = wrapper.application; includeInIndex = 0; path = Flicks.app; sourceTree = BUILT_PRODUCTS_DIR; };
		53AEFF661E3275F1006A841A /* AppDelegate.swift */ = {isa = PBXFileReference; lastKnownFileType = sourcecode.swift; path = AppDelegate.swift; sourceTree = "<group>"; };
		53AEFF6B1E3275F1006A841A /* Base */ = {isa = PBXFileReference; lastKnownFileType = file.storyboard; name = Base; path = Base.lproj/Main.storyboard; sourceTree = "<group>"; };
		53AEFF6D1E3275F1006A841A /* Assets.xcassets */ = {isa = PBXFileReference; lastKnownFileType = folder.assetcatalog; path = Assets.xcassets; sourceTree = "<group>"; };
		53AEFF701E3275F1006A841A /* Base */ = {isa = PBXFileReference; lastKnownFileType = file.storyboard; name = Base; path = Base.lproj/LaunchScreen.storyboard; sourceTree = "<group>"; };
		53AEFF721E3275F1006A841A /* Info.plist */ = {isa = PBXFileReference; lastKnownFileType = text.plist.xml; path = Info.plist; sourceTree = "<group>"; };
		53AEFF781E3277DB006A841A /* MoviesViewController.swift */ = {isa = PBXFileReference; fileEncoding = 4; lastKnownFileType = sourcecode.swift; path = MoviesViewController.swift; sourceTree = "<group>"; };
		53AEFF7B1E327EC4006A841A /* MovieCell.swift */ = {isa = PBXFileReference; fileEncoding = 4; lastKnownFileType = sourcecode.swift; path = MovieCell.swift; sourceTree = "<group>"; };
		5CF8B27F1819784FB612D49A /* Pods-Flicks.release.xcconfig */ = {isa = PBXFileReference; includeInIndex = 1; lastKnownFileType = text.xcconfig; name = "Pods-Flicks.release.xcconfig"; path = "Pods/Target Support Files/Pods-Flicks/Pods-Flicks.release.xcconfig"; sourceTree = "<group>"; };
		602D6E7019A5A915C4130D8E /* Pods-Flicks.debug.xcconfig */ = {isa = PBXFileReference; includeInIndex = 1; lastKnownFileType = text.xcconfig; name = "Pods-Flicks.debug.xcconfig"; path = "Pods/Target Support Files/Pods-Flicks/Pods-Flicks.debug.xcconfig"; sourceTree = "<group>"; };
/* End PBXFileReference section */

/* Begin PBXFrameworksBuildPhase section */
		53AEFF601E3275F0006A841A /* Frameworks */ = {
			isa = PBXFrameworksBuildPhase;
			buildActionMask = 2147483647;
			files = (
				A2544F6B0E6C2743AC30A3DF /* Pods_Flicks.framework in Frameworks */,
			);
			runOnlyForDeploymentPostprocessing = 0;
		};
/* End PBXFrameworksBuildPhase section */

/* Begin PBXGroup section */
		53AEFF5A1E3275F0006A841A = {
			isa = PBXGroup;
			children = (
				53AEFF651E3275F1006A841A /* Flicks */,
				53AEFF641E3275F1006A841A /* Products */,
				8CDAB5E87E61560657A88336 /* Pods */,
				D1A07DC88CA64B88F89237B9 /* Frameworks */,
			);
			sourceTree = "<group>";
		};
		53AEFF641E3275F1006A841A /* Products */ = {
			isa = PBXGroup;
			children = (
				53AEFF631E3275F1006A841A /* Flicks.app */,
			);
			name = Products;
			sourceTree = "<group>";
		};
		53AEFF651E3275F1006A841A /* Flicks */ = {
			isa = PBXGroup;
			children = (
				53AEFF7D1E327ED0006A841A /* View Controllers */,
				53AEFF7A1E327E9C006A841A /* Views */,
				53AEFF661E3275F1006A841A /* AppDelegate.swift */,
				53AEFF6A1E3275F1006A841A /* Main.storyboard */,
				53AEFF6D1E3275F1006A841A /* Assets.xcassets */,
				53AEFF6F1E3275F1006A841A /* LaunchScreen.storyboard */,
				53AEFF721E3275F1006A841A /* Info.plist */,
				5361783B1E32A36400A96A5B /* Reachability.swift */,
			);
			path = Flicks;
			sourceTree = "<group>";
		};
		53AEFF7A1E327E9C006A841A /* Views */ = {
			isa = PBXGroup;
			children = (
				53AEFF7B1E327EC4006A841A /* MovieCell.swift */,
				5361783D1E32ACC400A96A5B /* CollectionViewCell.swift */,
			);
			name = Views;
			sourceTree = "<group>";
		};
		53AEFF7D1E327ED0006A841A /* View Controllers */ = {
			isa = PBXGroup;
			children = (
				53AEFF781E3277DB006A841A /* MoviesViewController.swift */,
			);
			name = "View Controllers";
			sourceTree = "<group>";
		};
		8CDAB5E87E61560657A88336 /* Pods */ = {
			isa = PBXGroup;
			children = (
				602D6E7019A5A915C4130D8E /* Pods-Flicks.debug.xcconfig */,
				5CF8B27F1819784FB612D49A /* Pods-Flicks.release.xcconfig */,
			);
			name = Pods;
			sourceTree = "<group>";
		};
		D1A07DC88CA64B88F89237B9 /* Frameworks */ = {
			isa = PBXGroup;
			children = (
				34A2CBF58998076BCD60AE38 /* Pods_Flicks.framework */,
			);
			name = Frameworks;
			sourceTree = "<group>";
		};
/* End PBXGroup section */

/* Begin PBXNativeTarget section */
		53AEFF621E3275F0006A841A /* Flicks */ = {
			isa = PBXNativeTarget;
			buildConfigurationList = 53AEFF751E3275F1006A841A /* Build configuration list for PBXNativeTarget "Flicks" */;
			buildPhases = (
				769DF29729023CCD82B13B2A /* [CP] Check Pods Manifest.lock */,
				53AEFF5F1E3275F0006A841A /* Sources */,
				53AEFF601E3275F0006A841A /* Frameworks */,
				53AEFF611E3275F0006A841A /* Resources */,
				2F5B6FDA3A4EA5C09EA4B7E7 /* [CP] Embed Pods Frameworks */,
				3304B8704A08BDAD7412452D /* [CP] Copy Pods Resources */,
			);
			buildRules = (
			);
			dependencies = (
			);
			name = Flicks;
			productName = Flicks;
			productReference = 53AEFF631E3275F1006A841A /* Flicks.app */;
			productType = "com.apple.product-type.application";
		};
/* End PBXNativeTarget section */

/* Begin PBXProject section */
		53AEFF5B1E3275F0006A841A /* Project object */ = {
			isa = PBXProject;
			attributes = {
				LastSwiftUpdateCheck = 0820;
				LastUpgradeCheck = 0820;
				ORGANIZATIONNAME = jiapei;
				TargetAttributes = {
					53AEFF621E3275F0006A841A = {
						CreatedOnToolsVersion = 8.2.1;
						DevelopmentTeam = RBV2R5Z394;
						ProvisioningStyle = Automatic;
					};
				};
			};
			buildConfigurationList = 53AEFF5E1E3275F0006A841A /* Build configuration list for PBXProject "Flicks" */;
			compatibilityVersion = "Xcode 3.2";
			developmentRegion = English;
			hasScannedForEncodings = 0;
			knownRegions = (
				en,
				Base,
			);
			mainGroup = 53AEFF5A1E3275F0006A841A;
			productRefGroup = 53AEFF641E3275F1006A841A /* Products */;
			projectDirPath = "";
			projectRoot = "";
			targets = (
				53AEFF621E3275F0006A841A /* Flicks */,
			);
		};
/* End PBXProject section */

/* Begin PBXResourcesBuildPhase section */
		53AEFF611E3275F0006A841A /* Resources */ = {
			isa = PBXResourcesBuildPhase;
			buildActionMask = 2147483647;
			files = (
				53AEFF711E3275F1006A841A /* LaunchScreen.storyboard in Resources */,
				53AEFF6E1E3275F1006A841A /* Assets.xcassets in Resources */,
				53AEFF6C1E3275F1006A841A /* Main.storyboard in Resources */,
			);
			runOnlyForDeploymentPostprocessing = 0;
		};
/* End PBXResourcesBuildPhase section */

/* Begin PBXShellScriptBuildPhase section */
		2F5B6FDA3A4EA5C09EA4B7E7 /* [CP] Embed Pods Frameworks */ = {
			isa = PBXShellScriptBuildPhase;
			buildActionMask = 2147483647;
			files = (
			);
			inputPaths = (
			);
			name = "[CP] Embed Pods Frameworks";
			outputPaths = (
			);
			runOnlyForDeploymentPostprocessing = 0;
			shellPath = /bin/sh;
			shellScript = "\"${SRCROOT}/Pods/Target Support Files/Pods-Flicks/Pods-Flicks-frameworks.sh\"\n";
			showEnvVarsInLog = 0;
		};
		3304B8704A08BDAD7412452D /* [CP] Copy Pods Resources */ = {
			isa = PBXShellScriptBuildPhase;
			buildActionMask = 2147483647;
			files = (
			);
			inputPaths = (
			);
			name = "[CP] Copy Pods Resources";
			outputPaths = (
			);
			runOnlyForDeploymentPostprocessing = 0;
			shellPath = /bin/sh;
			shellScript = "\"${SRCROOT}/Pods/Target Support Files/Pods-Flicks/Pods-Flicks-resources.sh\"\n";
			showEnvVarsInLog = 0;
		};
		769DF29729023CCD82B13B2A /* [CP] Check Pods Manifest.lock */ = {
			isa = PBXShellScriptBuildPhase;
			buildActionMask = 2147483647;
			files = (
			);
			inputPaths = (
			);
			name = "[CP] Check Pods Manifest.lock";
			outputPaths = (
			);
			runOnlyForDeploymentPostprocessing = 0;
			shellPath = /bin/sh;
			shellScript = "diff \"${PODS_ROOT}/../Podfile.lock\" \"${PODS_ROOT}/Manifest.lock\" > /dev/null\nif [ $? != 0 ] ; then\n    # print error to STDERR\n    echo \"error: The sandbox is not in sync with the Podfile.lock. Run 'pod install' or update your CocoaPods installation.\" >&2\n    exit 1\nfi\n";
			showEnvVarsInLog = 0;
		};
/* End PBXShellScriptBuildPhase section */

/* Begin PBXSourcesBuildPhase section */
		53AEFF5F1E3275F0006A841A /* Sources */ = {
			isa = PBXSourcesBuildPhase;
			buildActionMask = 2147483647;
			files = (
				5361783E1E32ACC400A96A5B /* CollectionViewCell.swift in Sources */,
				53AEFF671E3275F1006A841A /* AppDelegate.swift in Sources */,
				53AEFF791E3277DB006A841A /* MoviesViewController.swift in Sources */,
				5361783C1E32A36400A96A5B /* Reachability.swift in Sources */,
				53AEFF7C1E327EC4006A841A /* MovieCell.swift in Sources */,
			);
			runOnlyForDeploymentPostprocessing = 0;
		};
/* End PBXSourcesBuildPhase section */

/* Begin PBXVariantGroup section */
		53AEFF6A1E3275F1006A841A /* Main.storyboard */ = {
			isa = PBXVariantGroup;
			children = (
				53AEFF6B1E3275F1006A841A /* Base */,
			);
			name = Main.storyboard;
			sourceTree = "<group>";
		};
		53AEFF6F1E3275F1006A841A /* LaunchScreen.storyboard */ = {
			isa = PBXVariantGroup;
			children = (
				53AEFF701E3275F1006A841A /* Base */,
			);
			name = LaunchScreen.storyboard;
			sourceTree = "<group>";
		};
/* End PBXVariantGroup section */

/* Begin XCBuildConfiguration section */
		53AEFF731E3275F1006A841A /* Debug */ = {
			isa = XCBuildConfiguration;
			buildSettings = {
				ALWAYS_SEARCH_USER_PATHS = NO;
				CLANG_ANALYZER_NONNULL = YES;
				CLANG_CXX_LANGUAGE_STANDARD = "gnu++0x";
				CLANG_CXX_LIBRARY = "libc++";
				CLANG_ENABLE_MODULES = YES;
				CLANG_ENABLE_OBJC_ARC = YES;
				CLANG_WARN_BOOL_CONVERSION = YES;
				CLANG_WARN_CONSTANT_CONVERSION = YES;
				CLANG_WARN_DIRECT_OBJC_ISA_USAGE = YES_ERROR;
				CLANG_WARN_DOCUMENTATION_COMMENTS = YES;
				CLANG_WARN_EMPTY_BODY = YES;
				CLANG_WARN_ENUM_CONVERSION = YES;
				CLANG_WARN_INFINITE_RECURSION = YES;
				CLANG_WARN_INT_CONVERSION = YES;
				CLANG_WARN_OBJC_ROOT_CLASS = YES_ERROR;
				CLANG_WARN_SUSPICIOUS_MOVE = YES;
				CLANG_WARN_UNREACHABLE_CODE = YES;
				CLANG_WARN__DUPLICATE_METHOD_MATCH = YES;
				"CODE_SIGN_IDENTITY[sdk=iphoneos*]" = "iPhone Developer";
				COPY_PHASE_STRIP = NO;
				DEBUG_INFORMATION_FORMAT = dwarf;
				ENABLE_STRICT_OBJC_MSGSEND = YES;
				ENABLE_TESTABILITY = YES;
				GCC_C_LANGUAGE_STANDARD = gnu99;
				GCC_DYNAMIC_NO_PIC = NO;
				GCC_NO_COMMON_BLOCKS = YES;
				GCC_OPTIMIZATION_LEVEL = 0;
				GCC_PREPROCESSOR_DEFINITIONS = (
					"DEBUG=1",
					"$(inherited)",
				);
				GCC_WARN_64_TO_32_BIT_CONVERSION = YES;
				GCC_WARN_ABOUT_RETURN_TYPE = YES_ERROR;
				GCC_WARN_UNDECLARED_SELECTOR = YES;
				GCC_WARN_UNINITIALIZED_AUTOS = YES_AGGRESSIVE;
				GCC_WARN_UNUSED_FUNCTION = YES;
				GCC_WARN_UNUSED_VARIABLE = YES;
				IPHONEOS_DEPLOYMENT_TARGET = 10.2;
				MTL_ENABLE_DEBUG_INFO = YES;
				ONLY_ACTIVE_ARCH = YES;
				SDKROOT = iphoneos;
				SWIFT_ACTIVE_COMPILATION_CONDITIONS = DEBUG;
				SWIFT_OPTIMIZATION_LEVEL = "-Onone";
			};
			name = Debug;
		};
		53AEFF741E3275F1006A841A /* Release */ = {
			isa = XCBuildConfiguration;
			buildSettings = {
				ALWAYS_SEARCH_USER_PATHS = NO;
				CLANG_ANALYZER_NONNULL = YES;
				CLANG_CXX_LANGUAGE_STANDARD = "gnu++0x";
				CLANG_CXX_LIBRARY = "libc++";
				CLANG_ENABLE_MODULES = YES;
				CLANG_ENABLE_OBJC_ARC = YES;
				CLANG_WARN_BOOL_CONVERSION = YES;
				CLANG_WARN_CONSTANT_CONVERSION = YES;
				CLANG_WARN_DIRECT_OBJC_ISA_USAGE = YES_ERROR;
				CLANG_WARN_DOCUMENTATION_COMMENTS = YES;
				CLANG_WARN_EMPTY_BODY = YES;
				CLANG_WARN_ENUM_CONVERSION = YES;
				CLANG_WARN_INFINITE_RECURSION = YES;
				CLANG_WARN_INT_CONVERSION = YES;
				CLANG_WARN_OBJC_ROOT_CLASS = YES_ERROR;
				CLANG_WARN_SUSPICIOUS_MOVE = YES;
				CLANG_WARN_UNREACHABLE_CODE = YES;
				CLANG_WARN__DUPLICATE_METHOD_MATCH = YES;
				"CODE_SIGN_IDENTITY[sdk=iphoneos*]" = "iPhone Developer";
				COPY_PHASE_STRIP = NO;
				DEBUG_INFORMATION_FORMAT = "dwarf-with-dsym";
				ENABLE_NS_ASSERTIONS = NO;
				ENABLE_STRICT_OBJC_MSGSEND = YES;
				GCC_C_LANGUAGE_STANDARD = gnu99;
				GCC_NO_COMMON_BLOCKS = YES;
				GCC_WARN_64_TO_32_BIT_CONVERSION = YES;
				GCC_WARN_ABOUT_RETURN_TYPE = YES_ERROR;
				GCC_WARN_UNDECLARED_SELECTOR = YES;
				GCC_WARN_UNINITIALIZED_AUTOS = YES_AGGRESSIVE;
				GCC_WARN_UNUSED_FUNCTION = YES;
				GCC_WARN_UNUSED_VARIABLE = YES;
				IPHONEOS_DEPLOYMENT_TARGET = 10.2;
				MTL_ENABLE_DEBUG_INFO = NO;
				SDKROOT = iphoneos;
				SWIFT_OPTIMIZATION_LEVEL = "-Owholemodule";
				VALIDATE_PRODUCT = YES;
			};
			name = Release;
		};
		53AEFF761E3275F1006A841A /* Debug */ = {
			isa = XCBuildConfiguration;
			baseConfigurationReference = 602D6E7019A5A915C4130D8E /* Pods-Flicks.debug.xcconfig */;
			buildSettings = {
				ASSETCATALOG_COMPILER_APPICON_NAME = AppIcon;
				DEVELOPMENT_TEAM = RBV2R5Z394;
				INFOPLIST_FILE = Flicks/Info.plist;
				LD_RUNPATH_SEARCH_PATHS = "$(inherited) @executable_path/Frameworks";
				PRODUCT_BUNDLE_IDENTIFIER = com.jiapei.Flicks;
				PRODUCT_NAME = "$(TARGET_NAME)";
				SWIFT_VERSION = 3.0;
			};
			name = Debug;
		};
		53AEFF771E3275F1006A841A /* Release */ = {
			isa = XCBuildConfiguration;
			baseConfigurationReference = 5CF8B27F1819784FB612D49A /* Pods-Flicks.release.xcconfig */;
			buildSettings = {
				ASSETCATALOG_COMPILER_APPICON_NAME = AppIcon;
				DEVELOPMENT_TEAM = RBV2R5Z394;
				INFOPLIST_FILE = Flicks/Info.plist;
				LD_RUNPATH_SEARCH_PATHS = "$(inherited) @executable_path/Frameworks";
				PRODUCT_BUNDLE_IDENTIFIER = com.jiapei.Flicks;
				PRODUCT_NAME = "$(TARGET_NAME)";
				SWIFT_VERSION = 3.0;
			};
			name = Release;
		};
/* End XCBuildConfiguration section */

/* Begin XCConfigurationList section */
		53AEFF5E1E3275F0006A841A /* Build configuration list for PBXProject "Flicks" */ = {
			isa = XCConfigurationList;
			buildConfigurations = (
				53AEFF731E3275F1006A841A /* Debug */,
				53AEFF741E3275F1006A841A /* Release */,
			);
			defaultConfigurationIsVisible = 0;
			defaultConfigurationName = Release;
		};
		53AEFF751E3275F1006A841A /* Build configuration list for PBXNativeTarget "Flicks" */ = {
			isa = XCConfigurationList;
			buildConfigurations = (
				53AEFF761E3275F1006A841A /* Debug */,
				53AEFF771E3275F1006A841A /* Release */,
			);
			defaultConfigurationIsVisible = 0;
			defaultConfigurationName = Release;
		};
/* End XCConfigurationList section */
	};
	rootObject = 53AEFF5B1E3275F0006A841A /* Project object */;
}
